
Microsoft Visual Studio Solution File, Format Version 12.00
# Visual Studio Version 16
VisualStudioVersion = 16.0.30413.136
MinimumVisualStudioVersion = 10.0.40219.1
Project("{FAE04EC0-301F-11D3-BF4B-00C04F79EFBC}") = "T.UI.Blazor", "src\T.UI.Blazor\T.UI.Blazor.csproj", "{B6A22615-9D31-44D0-9E2B-26F613CA1388}"
EndProject
Global
	GlobalSection(SolutionConfigurationPlatforms) = preSolution
		Debug|Any CPU = Debug|Any CPU
		Release|Any CPU = Release|Any CPU
	EndGlobalSection
	GlobalSection(ProjectConfigurationPlatforms) = postSolution
		{B6A22615-9D31-44D0-9E2B-26F613CA1388}.Debug|Any CPU.ActiveCfg = Debug|Any CPU
		{B6A22615-9D31-44D0-9E2B-26F613CA1388}.Debug|Any CPU.Build.0 = Debug|Any CPU
		{B6A22615-9D31-44D0-9E2B-26F613CA1388}.Release|Any CPU.ActiveCfg = Release|Any CPU
		{B6A22615-9D31-44D0-9E2B-26F613CA1388}.Release|Any CPU.Build.0 = Release|Any CPU
	EndGlobalSection
	GlobalSection(SolutionProperties) = preSolution
		HideSolutionNode = FALSE
	EndGlobalSection
	GlobalSection(ExtensibilityGlobals) = postSolution
		SolutionGuid = {F0F0C112-4B5A-4D96-BB0D-CC021C21A194}
	EndGlobalSection
EndGlobal
